
Microsoft Visual Studio Solution File, Format Version 12.00
# Visual Studio 15
VisualStudioVersion = 15.0.27004.2005
MinimumVisualStudioVersion = 10.0.40219.1
Project("{A0786B88-2ADB-4C21-ABE8-AA2D79766269}") = "MasterDocumentRegister", "MasterDocumentRegister\MasterDocumentRegister.phpproj", "{7C40836E-E07C-43BD-B8C2-18A567070BCC}"
EndProject
Global
	GlobalSection(SolutionConfigurationPlatforms) = preSolution
		Debug|Any CPU = Debug|Any CPU
		Release|Any CPU = Release|Any CPU
	EndGlobalSection
	GlobalSection(ProjectConfigurationPlatforms) = postSolution
		{7C40836E-E07C-43BD-B8C2-18A567070BCC}.Debug|Any CPU.ActiveCfg = Debug|Any CPU
		{7C40836E-E07C-43BD-B8C2-18A567070BCC}.Release|Any CPU.ActiveCfg = Release|Any CPU
	EndGlobalSection
	GlobalSection(SolutionProperties) = preSolution
		HideSolutionNode = FALSE
	EndGlobalSection
	GlobalSection(ExtensibilityGlobals) = postSolution
		SolutionGuid = {D687AC76-B3DF-412C-AF50-DABB4C701992}
	EndGlobalSection
EndGlobal
